# This file is automatically @generated by Cargo.
# It is not intended for manual editing.
version = 3

[[package]]
name = "control"
version = "0.1.0"

[[package]]
name = "core"
version = "0.1.0"

[[package]]
name = "navigation"
version = "0.1.0"

[[package]]
name = "perception"
version = "0.1.0"

[[package]]
name = "robodrive_rs"
version = "0.1.0"

[[package]]
name = "sensor"
version = "0.1.0"

[[package]]
name = "simulation"
version = "0.1.0"
